
Microsoft Visual Studio Solution File, Format Version 12.00
# Visual Studio 14
VisualStudioVersion = 14.0.24720.0
MinimumVisualStudioVersion = 10.0.40219.1
Project("{8BC9CEB8-8B4A-11D0-8D11-00A0C91BC942}") = "Dil", "Dil\Dil.vcxproj", "{8293F93D-385D-4BCF-87A9-C8A8862E5076}"
EndProject
Project("{8BC9CEB8-8B4A-11D0-8D11-00A0C91BC942}") = "Dil.HelloWorld", "Dil.HelloWorld\Dil.HelloWorld.vcxproj", "{AEFDCD67-B122-4D2E-B267-86C2B43B21A1}"
EndProject
Project("{8BC9CEB8-8B4A-11D0-8D11-00A0C91BC942}") = "Dil.Tests", "Dil.Tests\Dil.Tests.vcxproj", "{A49CBC47-D652-440B-9297-19BCA5DC50DD}"
EndProject
Global
	GlobalSection(SolutionConfigurationPlatforms) = preSolution
		Debug|x64 = Debug|x64
		Debug|x86 = Debug|x86
		Release|x64 = Release|x64
		Release|x86 = Release|x86
	EndGlobalSection
	GlobalSection(ProjectConfigurationPlatforms) = postSolution
		{8293F93D-385D-4BCF-87A9-C8A8862E5076}.Debug|x64.ActiveCfg = Debug|x64
		{8293F93D-385D-4BCF-87A9-C8A8862E5076}.Debug|x64.Build.0 = Debug|x64
		{8293F93D-385D-4BCF-87A9-C8A8862E5076}.Debug|x86.ActiveCfg = Debug|Win32
		{8293F93D-385D-4BCF-87A9-C8A8862E5076}.Debug|x86.Build.0 = Debug|Win32
		{8293F93D-385D-4BCF-87A9-C8A8862E5076}.Release|x64.ActiveCfg = Release|x64
		{8293F93D-385D-4BCF-87A9-C8A8862E5076}.Release|x64.Build.0 = Release|x64
		{8293F93D-385D-4BCF-87A9-C8A8862E5076}.Release|x86.ActiveCfg = Release|Win32
		{8293F93D-385D-4BCF-87A9-C8A8862E5076}.Release|x86.Build.0 = Release|Win32
		{AEFDCD67-B122-4D2E-B267-86C2B43B21A1}.Debug|x64.ActiveCfg = Debug|x64
		{AEFDCD67-B122-4D2E-B267-86C2B43B21A1}.Debug|x64.Build.0 = Debug|x64
		{AEFDCD67-B122-4D2E-B267-86C2B43B21A1}.Debug|x86.ActiveCfg = Debug|Win32
		{AEFDCD67-B122-4D2E-B267-86C2B43B21A1}.Debug|x86.Build.0 = Debug|Win32
		{AEFDCD67-B122-4D2E-B267-86C2B43B21A1}.Release|x64.ActiveCfg = Release|x64
		{AEFDCD67-B122-4D2E-B267-86C2B43B21A1}.Release|x64.Build.0 = Release|x64
		{AEFDCD67-B122-4D2E-B267-86C2B43B21A1}.Release|x86.ActiveCfg = Release|Win32
		{AEFDCD67-B122-4D2E-B267-86C2B43B21A1}.Release|x86.Build.0 = Release|Win32
		{A49CBC47-D652-440B-9297-19BCA5DC50DD}.Debug|x64.ActiveCfg = Debug|x64
		{A49CBC47-D652-440B-9297-19BCA5DC50DD}.Debug|x64.Build.0 = Debug|x64
		{A49CBC47-D652-440B-9297-19BCA5DC50DD}.Debug|x86.ActiveCfg = Debug|Win32
		{A49CBC47-D652-440B-9297-19BCA5DC50DD}.Debug|x86.Build.0 = Debug|Win32
		{A49CBC47-D652-440B-9297-19BCA5DC50DD}.Release|x64.ActiveCfg = Release|x64
		{A49CBC47-D652-440B-9297-19BCA5DC50DD}.Release|x64.Build.0 = Release|x64
		{A49CBC47-D652-440B-9297-19BCA5DC50DD}.Release|x86.ActiveCfg = Release|Win32
		{A49CBC47-D652-440B-9297-19BCA5DC50DD}.Release|x86.Build.0 = Release|Win32
	EndGlobalSection
	GlobalSection(SolutionProperties) = preSolution
		HideSolutionNode = FALSE
	EndGlobalSection
EndGlobal
